// !$*UTF8*$!
{
	archiveVersion = 1;
	classes = {
	};
	objectVersion = 46;
	objects = {

/* Begin PBXBuildFile section */
		571408891D80FBC000B631CA /* AppDelegate.swift in Sources */ = {isa = PBXBuildFile; fileRef = 571408881D80FBC000B631CA /* AppDelegate.swift */; };
		5714088B1D80FBC000B631CA /* ViewController.swift in Sources */ = {isa = PBXBuildFile; fileRef = 5714088A1D80FBC000B631CA /* ViewController.swift */; };
		5714088E1D80FBC000B631CA /* Main.storyboard in Resources */ = {isa = PBXBuildFile; fileRef = 5714088C1D80FBC000B631CA /* Main.storyboard */; };
		571408901D80FBC000B631CA /* Assets.xcassets in Resources */ = {isa = PBXBuildFile; fileRef = 5714088F1D80FBC000B631CA /* Assets.xcassets */; };
		571408931D80FBC000B631CA /* LaunchScreen.storyboard in Resources */ = {isa = PBXBuildFile; fileRef = 571408911D80FBC000B631CA /* LaunchScreen.storyboard */; };
		5714089E1D80FBC000B631CA /* Contacts_AppTests.swift in Sources */ = {isa = PBXBuildFile; fileRef = 5714089D1D80FBC000B631CA /* Contacts_AppTests.swift */; };
		571408A91D80FBC000B631CA /* Contacts_AppUITests.swift in Sources */ = {isa = PBXBuildFile; fileRef = 571408A81D80FBC000B631CA /* Contacts_AppUITests.swift */; };
/* End PBXBuildFile section */

/* Begin PBXContainerItemProxy section */
		5714089A1D80FBC000B631CA /* PBXContainerItemProxy */ = {
			isa = PBXContainerItemProxy;
			containerPortal = 5714087D1D80FBC000B631CA /* Project object */;
			proxyType = 1;
			remoteGlobalIDString = 571408841D80FBC000B631CA;
			remoteInfo = "Contacts App";
		};
		571408A51D80FBC000B631CA /* PBXContainerItemProxy */ = {
			isa = PBXContainerItemProxy;
			containerPortal = 5714087D1D80FBC000B631CA /* Project object */;
			proxyType = 1;
			remoteGlobalIDString = 571408841D80FBC000B631CA;
			remoteInfo = "Contacts App";
		};
/* End PBXContainerItemProxy section */

/* Begin PBXFileReference section */
		571408851D80FBC000B631CA /* Contacts App.app */ = {isa = PBXFileReference; explicitFileType = wrapper.application; includeInIndex = 0; path = "Contacts App.app"; sourceTree = BUILT_PRODUCTS_DIR; };
		571408881D80FBC000B631CA /* AppDelegate.swift */ = {isa = PBXFileReference; lastKnownFileType = sourcecode.swift; path = AppDelegate.swift; sourceTree = "<group>"; };
		5714088A1D80FBC000B631CA /* ViewController.swift */ = {isa = PBXFileReference; lastKnownFileType = sourcecode.swift; path = ViewController.swift; sourceTree = "<group>"; };
		5714088D1D80FBC000B631CA /* Base */ = {isa = PBXFileReference; lastKnownFileType = file.storyboard; name = Base; path = Base.lproj/Main.storyboard; sourceTree = "<group>"; };
		5714088F1D80FBC000B631CA /* Assets.xcassets */ = {isa = PBXFileReference; lastKnownFileType = folder.assetcatalog; path = Assets.xcassets; sourceTree = "<group>"; };
		571408921D80FBC000B631CA /* Base */ = {isa = PBXFileReference; lastKnownFileType = file.storyboard; name = Base; path = Base.lproj/LaunchScreen.storyboard; sourceTree = "<group>"; };
		571408941D80FBC000B631CA /* Info.plist */ = {isa = PBXFileReference; lastKnownFileType = text.plist.xml; path = Info.plist; sourceTree = "<group>"; };
		571408991D80FBC000B631CA /* Contacts AppTests.xctest */ = {isa = PBXFileReference; explicitFileType = wrapper.cfbundle; includeInIndex = 0; path = "Contacts AppTests.xctest"; sourceTree = BUILT_PRODUCTS_DIR; };
		5714089D1D80FBC000B631CA /* Contacts_AppTests.swift */ = {isa = PBXFileReference; lastKnownFileType = sourcecode.swift; path = Contacts_AppTests.swift; sourceTree = "<group>"; };
		5714089F1D80FBC000B631CA /* Info.plist */ = {isa = PBXFileReference; lastKnownFileType = text.plist.xml; path = Info.plist; sourceTree = "<group>"; };
		571408A41D80FBC000B631CA /* Contacts AppUITests.xctest */ = {isa = PBXFileReference; explicitFileType = wrapper.cfbundle; includeInIndex = 0; path = "Contacts AppUITests.xctest"; sourceTree = BUILT_PRODUCTS_DIR; };
		571408A81D80FBC000B631CA /* Contacts_AppUITests.swift */ = {isa = PBXFileReference; lastKnownFileType = sourcecode.swift; path = Contacts_AppUITests.swift; sourceTree = "<group>"; };
		571408AA1D80FBC000B631CA /* Info.plist */ = {isa = PBXFileReference; lastKnownFileType = text.plist.xml; path = Info.plist; sourceTree = "<group>"; };
/* End PBXFileReference section */

/* Begin PBXFrameworksBuildPhase section */
		571408821D80FBC000B631CA /* Frameworks */ = {
			isa = PBXFrameworksBuildPhase;
			buildActionMask = 2147483647;
			files = (
			);
			runOnlyForDeploymentPostprocessing = 0;
		};
		571408961D80FBC000B631CA /* Frameworks */ = {
			isa = PBXFrameworksBuildPhase;
			buildActionMask = 2147483647;
			files = (
			);
			runOnlyForDeploymentPostprocessing = 0;
		};
		571408A11D80FBC000B631CA /* Frameworks */ = {
			isa = PBXFrameworksBuildPhase;
			buildActionMask = 2147483647;
			files = (
			);
			runOnlyForDeploymentPostprocessing = 0;
		};
/* End PBXFrameworksBuildPhase section */

/* Begin PBXGroup section */
		5714087C1D80FBC000B631CA = {
			isa = PBXGroup;
			children = (
				571408871D80FBC000B631CA /* Contacts App */,
				5714089C1D80FBC000B631CA /* Contacts AppTests */,
				571408A71D80FBC000B631CA /* Contacts AppUITests */,
				571408861D80FBC000B631CA /* Products */,
			);
			sourceTree = "<group>";
		};
		571408861D80FBC000B631CA /* Products */ = {
			isa = PBXGroup;
			children = (
				571408851D80FBC000B631CA /* Contacts App.app */,
				571408991D80FBC000B631CA /* Contacts AppTests.xctest */,
				571408A41D80FBC000B631CA /* Contacts AppUITests.xctest */,
			);
			name = Products;
			sourceTree = "<group>";
		};
		571408871D80FBC000B631CA /* Contacts App */ = {
			isa = PBXGroup;
			children = (
				571408881D80FBC000B631CA /* AppDelegate.swift */,
				5714088A1D80FBC000B631CA /* ViewController.swift */,
				5714088C1D80FBC000B631CA /* Main.storyboard */,
				5714088F1D80FBC000B631CA /* Assets.xcassets */,
				571408911D80FBC000B631CA /* LaunchScreen.storyboard */,
				571408941D80FBC000B631CA /* Info.plist */,
			);
			path = "Contacts App";
			sourceTree = "<group>";
		};
		5714089C1D80FBC000B631CA /* Contacts AppTests */ = {
			isa = PBXGroup;
			children = (
				5714089D1D80FBC000B631CA /* Contacts_AppTests.swift */,
				5714089F1D80FBC000B631CA /* Info.plist */,
			);
			path = "Contacts AppTests";
			sourceTree = "<group>";
		};
		571408A71D80FBC000B631CA /* Contacts AppUITests */ = {
			isa = PBXGroup;
			children = (
				571408A81D80FBC000B631CA /* Contacts_AppUITests.swift */,
				571408AA1D80FBC000B631CA /* Info.plist */,
			);
			path = "Contacts AppUITests";
			sourceTree = "<group>";
		};
/* End PBXGroup section */

/* Begin PBXNativeTarget section */
		571408841D80FBC000B631CA /* Contacts App */ = {
			isa = PBXNativeTarget;
			buildConfigurationList = 571408AD1D80FBC000B631CA /* Build configuration list for PBXNativeTarget "Contacts App" */;
			buildPhases = (
				571408811D80FBC000B631CA /* Sources */,
				571408821D80FBC000B631CA /* Frameworks */,
				571408831D80FBC000B631CA /* Resources */,
			);
			buildRules = (
			);
			dependencies = (
			);
			name = "Contacts App";
			productName = "Contacts App";
			productReference = 571408851D80FBC000B631CA /* Contacts App.app */;
			productType = "com.apple.product-type.application";
		};
		571408981D80FBC000B631CA /* Contacts AppTests */ = {
			isa = PBXNativeTarget;
			buildConfigurationList = 571408B01D80FBC000B631CA /* Build configuration list for PBXNativeTarget "Contacts AppTests" */;
			buildPhases = (
				571408951D80FBC000B631CA /* Sources */,
				571408961D80FBC000B631CA /* Frameworks */,
				571408971D80FBC000B631CA /* Resources */,
			);
			buildRules = (
			);
			dependencies = (
				5714089B1D80FBC000B631CA /* PBXTargetDependency */,
			);
			name = "Contacts AppTests";
			productName = "Contacts AppTests";
			productReference = 571408991D80FBC000B631CA /* Contacts AppTests.xctest */;
			productType = "com.apple.product-type.bundle.unit-test";
		};
		571408A31D80FBC000B631CA /* Contacts AppUITests */ = {
			isa = PBXNativeTarget;
			buildConfigurationList = 571408B31D80FBC000B631CA /* Build configuration list for PBXNativeTarget "Contacts AppUITests" */;
			buildPhases = (
				571408A01D80FBC000B631CA /* Sources */,
				571408A11D80FBC000B631CA /* Frameworks */,
				571408A21D80FBC000B631CA /* Resources */,
			);
			buildRules = (
			);
			dependencies = (
				571408A61D80FBC000B631CA /* PBXTargetDependency */,
			);
			name = "Contacts AppUITests";
			productName = "Contacts AppUITests";
			productReference = 571408A41D80FBC000B631CA /* Contacts AppUITests.xctest */;
			productType = "com.apple.product-type.bundle.ui-testing";
		};
/* End PBXNativeTarget section */

/* Begin PBXProject section */
		5714087D1D80FBC000B631CA /* Project object */ = {
			isa = PBXProject;
			attributes = {
				LastSwiftUpdateCheck = 0730;
				LastUpgradeCheck = 0730;
				ORGANIZATIONNAME = "Victor Lo";
				TargetAttributes = {
					571408841D80FBC000B631CA = {
						CreatedOnToolsVersion = 7.3.1;
					};
					571408981D80FBC000B631CA = {
						CreatedOnToolsVersion = 7.3.1;
						TestTargetID = 571408841D80FBC000B631CA;
					};
					571408A31D80FBC000B631CA = {
						CreatedOnToolsVersion = 7.3.1;
						TestTargetID = 571408841D80FBC000B631CA;
					};
				};
			};
			buildConfigurationList = 571408801D80FBC000B631CA /* Build configuration list for PBXProject "Contacts App" */;
			compatibilityVersion = "Xcode 3.2";
			developmentRegion = English;
			hasScannedForEncodings = 0;
			knownRegions = (
				en,
				Base,
			);
			mainGroup = 5714087C1D80FBC000B631CA;
			productRefGroup = 571408861D80FBC000B631CA /* Products */;
			projectDirPath = "";
			projectRoot = "";
			targets = (
				571408841D80FBC000B631CA /* Contacts App */,
				571408981D80FBC000B631CA /* Contacts AppTests */,
				571408A31D80FBC000B631CA /* Contacts AppUITests */,
			);
		};
/* End PBXProject section */

/* Begin PBXResourcesBuildPhase section */
		571408831D80FBC000B631CA /* Resources */ = {
			isa = PBXResourcesBuildPhase;
			buildActionMask = 2147483647;
			files = (
				571408931D80FBC000B631CA /* LaunchScreen.storyboard in Resources */,
				571408901D80FBC000B631CA /* Assets.xcassets in Resources */,
				5714088E1D80FBC000B631CA /* Main.storyboard in Resources */,
			);
			runOnlyForDeploymentPostprocessing = 0;
		};
		571408971D80FBC000B631CA /* Resources */ = {
			isa = PBXResourcesBuildPhase;
			buildActionMask = 2147483647;
			files = (
			);
			runOnlyForDeploymentPostprocessing = 0;
		};
		571408A21D80FBC000B631CA /* Resources */ = {
			isa = PBXResourcesBuildPhase;
			buildActionMask = 2147483647;
			files = (
			);
			runOnlyForDeploymentPostprocessing = 0;
		};
/* End PBXResourcesBuildPhase section */

/* Begin PBXSourcesBuildPhase section */
		571408811D80FBC000B631CA /* Sources */ = {
			isa = PBXSourcesBuildPhase;
			buildActionMask = 2147483647;
			files = (
				5714088B1D80FBC000B631CA /* ViewController.swift in Sources */,
				571408891D80FBC000B631CA /* AppDelegate.swift in Sources */,
			);
			runOnlyForDeploymentPostprocessing = 0;
		};
		571408951D80FBC000B631CA /* Sources */ = {
			isa = PBXSourcesBuildPhase;
			buildActionMask = 2147483647;
			files = (
				5714089E1D80FBC000B631CA /* Contacts_AppTests.swift in Sources */,
			);
			runOnlyForDeploymentPostprocessing = 0;
		};
		571408A01D80FBC000B631CA /* Sources */ = {
			isa = PBXSourcesBuildPhase;
			buildActionMask = 2147483647;
			files = (
				571408A91D80FBC000B631CA /* Contacts_AppUITests.swift in Sources */,
			);
			runOnlyForDeploymentPostprocessing = 0;
		};
/* End PBXSourcesBuildPhase section */

/* Begin PBXTargetDependency section */
		5714089B1D80FBC000B631CA /* PBXTargetDependency */ = {
			isa = PBXTargetDependency;
			target = 571408841D80FBC000B631CA /* Contacts App */;
			targetProxy = 5714089A1D80FBC000B631CA /* PBXContainerItemProxy */;
		};
		571408A61D80FBC000B631CA /* PBXTargetDependency */ = {
			isa = PBXTargetDependency;
			target = 571408841D80FBC000B631CA /* Contacts App */;
			targetProxy = 571408A51D80FBC000B631CA /* PBXContainerItemProxy */;
		};
/* End PBXTargetDependency section */

/* Begin PBXVariantGroup section */
		5714088C1D80FBC000B631CA /* Main.storyboard */ = {
			isa = PBXVariantGroup;
			children = (
				5714088D1D80FBC000B631CA /* Base */,
			);
			name = Main.storyboard;
			sourceTree = "<group>";
		};
		571408911D80FBC000B631CA /* LaunchScreen.storyboard */ = {
			isa = PBXVariantGroup;
			children = (
				571408921D80FBC000B631CA /* Base */,
			);
			name = LaunchScreen.storyboard;
			sourceTree = "<group>";
		};
/* End PBXVariantGroup section */

/* Begin XCBuildConfiguration section */
		571408AB1D80FBC000B631CA /* Debug */ = {
			isa = XCBuildConfiguration;
			buildSettings = {
				ALWAYS_SEARCH_USER_PATHS = NO;
				CLANG_ANALYZER_NONNULL = YES;
				CLANG_CXX_LANGUAGE_STANDARD = "gnu++0x";
				CLANG_CXX_LIBRARY = "libc++";
				CLANG_ENABLE_MODULES = YES;
				CLANG_ENABLE_OBJC_ARC = YES;
				CLANG_WARN_BOOL_CONVERSION = YES;
				CLANG_WARN_CONSTANT_CONVERSION = YES;
				CLANG_WARN_DIRECT_OBJC_ISA_USAGE = YES_ERROR;
				CLANG_WARN_EMPTY_BODY = YES;
				CLANG_WARN_ENUM_CONVERSION = YES;
				CLANG_WARN_INT_CONVERSION = YES;
				CLANG_WARN_OBJC_ROOT_CLASS = YES_ERROR;
				CLANG_WARN_UNREACHABLE_CODE = YES;
				CLANG_WARN__DUPLICATE_METHOD_MATCH = YES;
				"CODE_SIGN_IDENTITY[sdk=iphoneos*]" = "iPhone Developer";
				COPY_PHASE_STRIP = NO;
				DEBUG_INFORMATION_FORMAT = dwarf;
				ENABLE_STRICT_OBJC_MSGSEND = YES;
				ENABLE_TESTABILITY = YES;
				GCC_C_LANGUAGE_STANDARD = gnu99;
				GCC_DYNAMIC_NO_PIC = NO;
				GCC_NO_COMMON_BLOCKS = YES;
				GCC_OPTIMIZATION_LEVEL = 0;
				GCC_PREPROCESSOR_DEFINITIONS = (
					"DEBUG=1",
					"$(inherited)",
				);
				GCC_WARN_64_TO_32_BIT_CONVERSION = YES;
				GCC_WARN_ABOUT_RETURN_TYPE = YES_ERROR;
				GCC_WARN_UNDECLARED_SELECTOR = YES;
				GCC_WARN_UNINITIALIZED_AUTOS = YES_AGGRESSIVE;
				GCC_WARN_UNUSED_FUNCTION = YES;
				GCC_WARN_UNUSED_VARIABLE = YES;
				IPHONEOS_DEPLOYMENT_TARGET = 9.3;
				MTL_ENABLE_DEBUG_INFO = YES;
				ONLY_ACTIVE_ARCH = YES;
				SDKROOT = iphoneos;
				SWIFT_OPTIMIZATION_LEVEL = "-Onone";
			};
			name = Debug;
		};
		571408AC1D80FBC000B631CA /* Release */ = {
			isa = XCBuildConfiguration;
			buildSettings = {
				ALWAYS_SEARCH_USER_PATHS = NO;
				CLANG_ANALYZER_NONNULL = YES;
				CLANG_CXX_LANGUAGE_STANDARD = "gnu++0x";
				CLANG_CXX_LIBRARY = "libc++";
				CLANG_ENABLE_MODULES = YES;
				CLANG_ENABLE_OBJC_ARC = YES;
				CLANG_WARN_BOOL_CONVERSION = YES;
				CLANG_WARN_CONSTANT_CONVERSION = YES;
				CLANG_WARN_DIRECT_OBJC_ISA_USAGE = YES_ERROR;
				CLANG_WARN_EMPTY_BODY = YES;
				CLANG_WARN_ENUM_CONVERSION = YES;
				CLANG_WARN_INT_CONVERSION = YES;
				CLANG_WARN_OBJC_ROOT_CLASS = YES_ERROR;
				CLANG_WARN_UNREACHABLE_CODE = YES;
				CLANG_WARN__DUPLICATE_METHOD_MATCH = YES;
				"CODE_SIGN_IDENTITY[sdk=iphoneos*]" = "iPhone Developer";
				COPY_PHASE_STRIP = NO;
				DEBUG_INFORMATION_FORMAT = "dwarf-with-dsym";
				ENABLE_NS_ASSERTIONS = NO;
				ENABLE_STRICT_OBJC_MSGSEND = YES;
				GCC_C_LANGUAGE_STANDARD = gnu99;
				GCC_NO_COMMON_BLOCKS = YES;
				GCC_WARN_64_TO_32_BIT_CONVERSION = YES;
				GCC_WARN_ABOUT_RETURN_TYPE = YES_ERROR;
				GCC_WARN_UNDECLARED_SELECTOR = YES;
				GCC_WARN_UNINITIALIZED_AUTOS = YES_AGGRESSIVE;
				GCC_WARN_UNUSED_FUNCTION = YES;
				GCC_WARN_UNUSED_VARIABLE = YES;
				IPHONEOS_DEPLOYMENT_TARGET = 9.3;
				MTL_ENABLE_DEBUG_INFO = NO;
				SDKROOT = iphoneos;
				VALIDATE_PRODUCT = YES;
			};
			name = Release;
		};
		571408AE1D80FBC000B631CA /* Debug */ = {
			isa = XCBuildConfiguration;
			buildSettings = {
				ASSETCATALOG_COMPILER_APPICON_NAME = AppIcon;
				INFOPLIST_FILE = "Contacts App/Info.plist";
				LD_RUNPATH_SEARCH_PATHS = "$(inherited) @executable_path/Frameworks";
				PRODUCT_BUNDLE_IDENTIFIER = "I-am-here.Contacts-App";
				PRODUCT_NAME = "$(TARGET_NAME)";
			};
			name = Debug;
		};
		571408AF1D80FBC000B631CA /* Release */ = {
			isa = XCBuildConfiguration;
			buildSettings = {
				ASSETCATALOG_COMPILER_APPICON_NAME = AppIcon;
				INFOPLIST_FILE = "Contacts App/Info.plist";
				LD_RUNPATH_SEARCH_PATHS = "$(inherited) @executable_path/Frameworks";
				PRODUCT_BUNDLE_IDENTIFIER = "I-am-here.Contacts-App";
				PRODUCT_NAME = "$(TARGET_NAME)";
			};
			name = Release;
		};
		571408B11D80FBC000B631CA /* Debug */ = {
			isa = XCBuildConfiguration;
			buildSettings = {
				BUNDLE_LOADER = "$(TEST_HOST)";
				INFOPLIST_FILE = "Contacts AppTests/Info.plist";
				LD_RUNPATH_SEARCH_PATHS = "$(inherited) @executable_path/Frameworks @loader_path/Frameworks";
				PRODUCT_BUNDLE_IDENTIFIER = "I-am-here.Contacts-AppTests";
				PRODUCT_NAME = "$(TARGET_NAME)";
				TEST_HOST = "$(BUILT_PRODUCTS_DIR)/Contacts App.app/Contacts App";
			};
			name = Debug;
		};
		571408B21D80FBC000B631CA /* Release */ = {
			isa = XCBuildConfiguration;
			buildSettings = {
				BUNDLE_LOADER = "$(TEST_HOST)";
				INFOPLIST_FILE = "Contacts AppTests/Info.plist";
				LD_RUNPATH_SEARCH_PATHS = "$(inherited) @executable_path/Frameworks @loader_path/Frameworks";
				PRODUCT_BUNDLE_IDENTIFIER = "I-am-here.Contacts-AppTests";
				PRODUCT_NAME = "$(TARGET_NAME)";
				TEST_HOST = "$(BUILT_PRODUCTS_DIR)/Contacts App.app/Contacts App";
			};
			name = Release;
		};
		571408B41D80FBC000B631CA /* Debug */ = {
			isa = XCBuildConfiguration;
			buildSettings = {
				INFOPLIST_FILE = "Contacts AppUITests/Info.plist";
				LD_RUNPATH_SEARCH_PATHS = "$(inherited) @executable_path/Frameworks @loader_path/Frameworks";
				PRODUCT_BUNDLE_IDENTIFIER = "I-am-here.Contacts-AppUITests";
				PRODUCT_NAME = "$(TARGET_NAME)";
				TEST_TARGET_NAME = "Contacts App";
			};
			name = Debug;
		};
		571408B51D80FBC000B631CA /* Release */ = {
			isa = XCBuildConfiguration;
			buildSettings = {
				INFOPLIST_FILE = "Contacts AppUITests/Info.plist";
				LD_RUNPATH_SEARCH_PATHS = "$(inherited) @executable_path/Frameworks @loader_path/Frameworks";
				PRODUCT_BUNDLE_IDENTIFIER = "I-am-here.Contacts-AppUITests";
				PRODUCT_NAME = "$(TARGET_NAME)";
				TEST_TARGET_NAME = "Contacts App";
			};
			name = Release;
		};
/* End XCBuildConfiguration section */

/* Begin XCConfigurationList section */
		571408801D80FBC000B631CA /* Build configuration list for PBXProject "Contacts App" */ = {
			isa = XCConfigurationList;
			buildConfigurations = (
				571408AB1D80FBC000B631CA /* Debug */,
				571408AC1D80FBC000B631CA /* Release */,
			);
			defaultConfigurationIsVisible = 0;
			defaultConfigurationName = Release;
		};
		571408AD1D80FBC000B631CA /* Build configuration list for PBXNativeTarget "Contacts App" */ = {
			isa = XCConfigurationList;
			buildConfigurations = (
				571408AE1D80FBC000B631CA /* Debug */,
				571408AF1D80FBC000B631CA /* Release */,
			);
			defaultConfigurationIsVisible = 0;
		};
		571408B01D80FBC000B631CA /* Build configuration list for PBXNativeTarget "Contacts AppTests" */ = {
			isa = XCConfigurationList;
			buildConfigurations = (
				571408B11D80FBC000B631CA /* Debug */,
				571408B21D80FBC000B631CA /* Release */,
			);
			defaultConfigurationIsVisible = 0;
		};
		571408B31D80FBC000B631CA /* Build configuration list for PBXNativeTarget "Contacts AppUITests" */ = {
			isa = XCConfigurationList;
			buildConfigurations = (
				571408B41D80FBC000B631CA /* Debug */,
				571408B51D80FBC000B631CA /* Release */,
			);
			defaultConfigurationIsVisible = 0;
		};
/* End XCConfigurationList section */
	};
	rootObject = 5714087D1D80FBC000B631CA /* Project object */;
}
